
Microsoft Visual Studio Solution File, Format Version 12.00
# Visual Studio Version 17
VisualStudioVersion = 17.11.35312.102
MinimumVisualStudioVersion = 10.0.40219.1
Project("{2150E333-8FDC-42A3-9474-1A3956D46DE8}") = "Domain", "Domain", "{4C70D856-0044-4DF6-BE45-089393FE07BA}"
EndProject
Project("{2150E333-8FDC-42A3-9474-1A3956D46DE8}") = "Infra", "Infra", "{D179D27A-BE0D-4043-94BE-20EBAD35385C}"
EndProject
Project("{2150E333-8FDC-42A3-9474-1A3956D46DE8}") = "Consumer", "Consumer", "{3087E7BF-B2BB-4F4E-910B-E90245885548}"
EndProject
Project("{2150E333-8FDC-42A3-9474-1A3956D46DE8}") = "Application", "Application", "{DD9AE758-3B9A-460A-B47A-276A2584CBEC}"
EndProject
Project("{2150E333-8FDC-42A3-9474-1A3956D46DE8}") = "Tests", "Tests", "{48C605F9-2D97-4A7A-926F-563C89F5BFC1}"
EndProject
Project("{9A19103F-16F7-4668-BE54-9A1E7A4F7556}") = "FIAP.Contacts.Create.UnitTest", "tests\FIAP.PhaseOne.Tests\FIAP.Contacts.Create.UnitTest.csproj", "{69529AE1-C686-42CD-91D9-C145EA093863}"
EndProject
Project("{FAE04EC0-301F-11D3-BF4B-00C04F79EFBC}") = "FIAP.Contacts.Create.IntegrationTest", "tests\FIAP.PhaseOne.IntegratedTests\FIAP.Contacts.Create.IntegrationTest.csproj", "{F9C8FA84-F921-4CC3-A860-419F21CDFD2B}"
EndProject
Project("{FAE04EC0-301F-11D3-BF4B-00C04F79EFBC}") = "FIAP.Contacts.Create.Application", "src\FIAP.Contacts.Create.Application\FIAP.Contacts.Create.Application.csproj", "{9565861B-2D0F-12A2-9CE5-C90A30F97DE1}"
EndProject
Project("{FAE04EC0-301F-11D3-BF4B-00C04F79EFBC}") = "FIAP.Contacts.Create.Domain", "src\FIAP.Contacts.Create.Domain\FIAP.Contacts.Create.Domain.csproj", "{00465469-A8B4-4CED-59F0-F58DE60A27B2}"
EndProject
Project("{FAE04EC0-301F-11D3-BF4B-00C04F79EFBC}") = "FIAP.Contacts.Create.Infra", "src\FIAP.Contacts.Create.Infra\FIAP.Contacts.Create.Infra.csproj", "{4B4667A4-5C89-D2DA-211D-9DC1EED90AB2}"
EndProject
Project("{FAE04EC0-301F-11D3-BF4B-00C04F79EFBC}") = "FIAP.Contacts.Create.Consumer", "src\FIAP.Contacts.Create.Consumer\FIAP.Contacts.Create.Consumer.csproj", "{614B9C7D-C4BC-A761-E5AA-11A0831A454F}"
EndProject
Global
	GlobalSection(SolutionConfigurationPlatforms) = preSolution
		Debug|Any CPU = Debug|Any CPU
		Release|Any CPU = Release|Any CPU
	EndGlobalSection
	GlobalSection(ProjectConfigurationPlatforms) = postSolution
		{69529AE1-C686-42CD-91D9-C145EA093863}.Debug|Any CPU.ActiveCfg = Debug|Any CPU
		{69529AE1-C686-42CD-91D9-C145EA093863}.Debug|Any CPU.Build.0 = Debug|Any CPU
		{69529AE1-C686-42CD-91D9-C145EA093863}.Release|Any CPU.ActiveCfg = Release|Any CPU
		{69529AE1-C686-42CD-91D9-C145EA093863}.Release|Any CPU.Build.0 = Release|Any CPU
		{F9C8FA84-F921-4CC3-A860-419F21CDFD2B}.Debug|Any CPU.ActiveCfg = Debug|Any CPU
		{F9C8FA84-F921-4CC3-A860-419F21CDFD2B}.Debug|Any CPU.Build.0 = Debug|Any CPU
		{F9C8FA84-F921-4CC3-A860-419F21CDFD2B}.Release|Any CPU.ActiveCfg = Release|Any CPU
		{F9C8FA84-F921-4CC3-A860-419F21CDFD2B}.Release|Any CPU.Build.0 = Release|Any CPU
		{9565861B-2D0F-12A2-9CE5-C90A30F97DE1}.Debug|Any CPU.ActiveCfg = Debug|Any CPU
		{9565861B-2D0F-12A2-9CE5-C90A30F97DE1}.Debug|Any CPU.Build.0 = Debug|Any CPU
		{9565861B-2D0F-12A2-9CE5-C90A30F97DE1}.Release|Any CPU.ActiveCfg = Release|Any CPU
		{9565861B-2D0F-12A2-9CE5-C90A30F97DE1}.Release|Any CPU.Build.0 = Release|Any CPU
		{00465469-A8B4-4CED-59F0-F58DE60A27B2}.Debug|Any CPU.ActiveCfg = Debug|Any CPU
		{00465469-A8B4-4CED-59F0-F58DE60A27B2}.Debug|Any CPU.Build.0 = Debug|Any CPU
		{00465469-A8B4-4CED-59F0-F58DE60A27B2}.Release|Any CPU.ActiveCfg = Release|Any CPU
		{00465469-A8B4-4CED-59F0-F58DE60A27B2}.Release|Any CPU.Build.0 = Release|Any CPU
		{4B4667A4-5C89-D2DA-211D-9DC1EED90AB2}.Debug|Any CPU.ActiveCfg = Debug|Any CPU
		{4B4667A4-5C89-D2DA-211D-9DC1EED90AB2}.Debug|Any CPU.Build.0 = Debug|Any CPU
		{4B4667A4-5C89-D2DA-211D-9DC1EED90AB2}.Release|Any CPU.ActiveCfg = Release|Any CPU
		{4B4667A4-5C89-D2DA-211D-9DC1EED90AB2}.Release|Any CPU.Build.0 = Release|Any CPU
		{614B9C7D-C4BC-A761-E5AA-11A0831A454F}.Debug|Any CPU.ActiveCfg = Debug|Any CPU
		{614B9C7D-C4BC-A761-E5AA-11A0831A454F}.Debug|Any CPU.Build.0 = Debug|Any CPU
		{614B9C7D-C4BC-A761-E5AA-11A0831A454F}.Release|Any CPU.ActiveCfg = Release|Any CPU
		{614B9C7D-C4BC-A761-E5AA-11A0831A454F}.Release|Any CPU.Build.0 = Release|Any CPU
	EndGlobalSection
	GlobalSection(SolutionProperties) = preSolution
		HideSolutionNode = FALSE
	EndGlobalSection
	GlobalSection(NestedProjects) = preSolution
		{69529AE1-C686-42CD-91D9-C145EA093863} = {48C605F9-2D97-4A7A-926F-563C89F5BFC1}
		{F9C8FA84-F921-4CC3-A860-419F21CDFD2B} = {48C605F9-2D97-4A7A-926F-563C89F5BFC1}
		{9565861B-2D0F-12A2-9CE5-C90A30F97DE1} = {DD9AE758-3B9A-460A-B47A-276A2584CBEC}
		{00465469-A8B4-4CED-59F0-F58DE60A27B2} = {4C70D856-0044-4DF6-BE45-089393FE07BA}
		{4B4667A4-5C89-D2DA-211D-9DC1EED90AB2} = {D179D27A-BE0D-4043-94BE-20EBAD35385C}
		{614B9C7D-C4BC-A761-E5AA-11A0831A454F} = {3087E7BF-B2BB-4F4E-910B-E90245885548}
	EndGlobalSection
	GlobalSection(ExtensibilityGlobals) = postSolution
		SolutionGuid = {7B216E5B-400E-4411-A95A-F64FDB479B2E}
	EndGlobalSection
EndGlobal
